{
  "name": "juice-toast",
  "version": "1.3.0",
  "lockfileVersion": 3,
  "requires": true,
  "packages": {
    "": {
      "name": "juice-toast",
      "version": "1.3.0",
      "license": "MIT",
      "engines": {
        "node": ">=15"
      },
      "funding": {
        "url": "https://patreon.com/Khairy47"
      }
    }
  }
}
